// !$*UTF8*$!
{
	archiveVersion = 1;
	classes = {
	};
	objectVersion = 56;
	objects = {

/* Begin PBXBuildFile section */
		CD5F3EAA2B02C8BB001F3061 /* CSVTemperatureSerializer.swift in Sources */ = {isa = PBXBuildFile; fileRef = CD5F3EA92B02C8BB001F3061 /* CSVTemperatureSerializer.swift */; };
		CD5F3EAE2B03AC61001F3061 /* GraphView.swift in Sources */ = {isa = PBXBuildFile; fileRef = CD5F3EAD2B03AC61001F3061 /* GraphView.swift */; };
		CD5F3EB42B03D4BB001F3061 /* TimeInterval.swift in Sources */ = {isa = PBXBuildFile; fileRef = CD5F3EB32B03D4BB001F3061 /* TimeInterval.swift */; };
		CD5F3EB62B03DF96001F3061 /* NotesView.swift in Sources */ = {isa = PBXBuildFile; fileRef = CD5F3EB52B03DF96001F3061 /* NotesView.swift */; };
		CD5F3EB92B03EB08001F3061 /* SettingsView.swift in Sources */ = {isa = PBXBuildFile; fileRef = CD5F3EB82B03EB08001F3061 /* SettingsView.swift */; };
		CD67A19B2B0F8AD8008053FF /* AnnotationBackgroundViewModifier.swift in Sources */ = {isa = PBXBuildFile; fileRef = CD67A19A2B0F8AD8008053FF /* AnnotationBackgroundViewModifier.swift */; };
		CD67A19D2B0F9750008053FF /* CADevice.swift in Sources */ = {isa = PBXBuildFile; fileRef = CD67A19C2B0F9750008053FF /* CADevice.swift */; };
		CD8427302B17CE0400DA293E /* MacOSPadding.swift in Sources */ = {isa = PBXBuildFile; fileRef = CD84272F2B17CE0400DA293E /* MacOSPadding.swift */; };
		CD8427322B188E5900DA293E /* GoogleService-Info.plist in Resources */ = {isa = PBXBuildFile; fileRef = CD8427312B188E5900DA293E /* GoogleService-Info.plist */; };
		CD8427352B188F5600DA293E /* FirebaseAuth in Frameworks */ = {isa = PBXBuildFile; productRef = CD8427342B188F5600DA293E /* FirebaseAuth */; };
		CD8427372B188F5600DA293E /* FirebaseFirestoreSwift in Frameworks */ = {isa = PBXBuildFile; productRef = CD8427362B188F5600DA293E /* FirebaseFirestoreSwift */; };
		CD8427392B188F5600DA293E /* FirebaseInstallations in Frameworks */ = {isa = PBXBuildFile; productRef = CD8427382B188F5600DA293E /* FirebaseInstallations */; };
		CD84273B2B188F5600DA293E /* FirebaseStorage in Frameworks */ = {isa = PBXBuildFile; productRef = CD84273A2B188F5600DA293E /* FirebaseStorage */; };
		CD84273D2B18BE9700DA293E /* Pasteboard.swift in Sources */ = {isa = PBXBuildFile; fileRef = CD84273C2B18BE9700DA293E /* Pasteboard.swift */; };
		CD84273F2B18BEDE00DA293E /* LoadingState.swift in Sources */ = {isa = PBXBuildFile; fileRef = CD84273E2B18BEDE00DA293E /* LoadingState.swift */; };
		CD8427412B19149800DA293E /* PopupMessageView.swift in Sources */ = {isa = PBXBuildFile; fileRef = CD8427402B19149800DA293E /* PopupMessageView.swift */; };
		CD8427432B19291300DA293E /* PopupMessage.swift in Sources */ = {isa = PBXBuildFile; fileRef = CD8427422B19291300DA293E /* PopupMessage.swift */; };
		CD8427462B19308200DA293E /* PopupView in Frameworks */ = {isa = PBXBuildFile; productRef = CD8427452B19308200DA293E /* PopupView */; };
		CD8427492B19ED8600DA293E /* AsyncButton.swift in Sources */ = {isa = PBXBuildFile; fileRef = CD8427482B19ED8600DA293E /* AsyncButton.swift */; };
		CD84274B2B19FB3500DA293E /* HomeToolbarContent.swift in Sources */ = {isa = PBXBuildFile; fileRef = CD84274A2B19FB3500DA293E /* HomeToolbarContent.swift */; };
		CD84274D2B19FEC800DA293E /* GraphAnnotationView.swift in Sources */ = {isa = PBXBuildFile; fileRef = CD84274C2B19FEC800DA293E /* GraphAnnotationView.swift */; };
		CD8427542B1A0F2C00DA293E /* AuthView.swift in Sources */ = {isa = PBXBuildFile; fileRef = CD8427532B1A0F2C00DA293E /* AuthView.swift */; };
		CD91AFF72B1FD918000D6E19 /* UploadPrompt.swift in Sources */ = {isa = PBXBuildFile; fileRef = CD91AFF62B1FD918000D6E19 /* UploadPrompt.swift */; };
		CD91AFF92B224F05000D6E19 /* MacOSWrappedScrollview.swift in Sources */ = {isa = PBXBuildFile; fileRef = CD91AFF82B224F05000D6E19 /* MacOSWrappedScrollview.swift */; };
		CD91AFFB2B225720000D6E19 /* OpenCrossCompatibleWindow.swift in Sources */ = {isa = PBXBuildFile; fileRef = CD91AFFA2B225720000D6E19 /* OpenCrossCompatibleWindow.swift */; };
		CD91AFFE2B28B400000D6E19 /* AuthViewModel.swift in Sources */ = {isa = PBXBuildFile; fileRef = CD91AFFD2B28B400000D6E19 /* AuthViewModel.swift */; };
		CD91B0032B29C8BF000D6E19 /* AuthService.swift in Sources */ = {isa = PBXBuildFile; fileRef = CD91B0022B29C8BF000D6E19 /* AuthService.swift */; };
		CD91B0062B29C97F000D6E19 /* Factory in Frameworks */ = {isa = PBXBuildFile; productRef = CD91B0052B29C97F000D6E19 /* Factory */; };
		CD91B0092B29C9E1000D6E19 /* Container.swift in Sources */ = {isa = PBXBuildFile; fileRef = CD91B0082B29C9E1000D6E19 /* Container.swift */; };
		CD91B00C2B29FBFF000D6E19 /* CloudUploadView.swift in Sources */ = {isa = PBXBuildFile; fileRef = CD91B00B2B29FBFF000D6E19 /* CloudUploadView.swift */; };
		CD91B00E2B29FE19000D6E19 /* CloudService.swift in Sources */ = {isa = PBXBuildFile; fileRef = CD91B00D2B29FE19000D6E19 /* CloudService.swift */; };
		CD91B0112B2B37B4000D6E19 /* ListCloudViewLoaded.swift in Sources */ = {isa = PBXBuildFile; fileRef = CD91B0102B2B37B4000D6E19 /* ListCloudViewLoaded.swift */; };
		CD91B0132B2B8C43000D6E19 /* ListCloudView.swift in Sources */ = {isa = PBXBuildFile; fileRef = CD91B0122B2B8C43000D6E19 /* ListCloudView.swift */; };
		CD91B0152B2B9083000D6E19 /* ListCloudViewRow.swift in Sources */ = {isa = PBXBuildFile; fileRef = CD91B0142B2B9083000D6E19 /* ListCloudViewRow.swift */; };
		CDB4891F2B84DAAD003E1F38 /* LiveView.swift in Sources */ = {isa = PBXBuildFile; fileRef = CDB4891E2B84DAAD003E1F38 /* LiveView.swift */; };
		CDB489222B84DB38003E1F38 /* CombustionBLE in Frameworks */ = {isa = PBXBuildFile; productRef = CDB489212B84DB38003E1F38 /* CombustionBLE */; };
		CDB489242B84E923003E1F38 /* LiveProbeView.swift in Sources */ = {isa = PBXBuildFile; fileRef = CDB489232B84E923003E1F38 /* LiveProbeView.swift */; };
		CDB489632BA0DC95003E1F38 /* AuthError.swift in Sources */ = {isa = PBXBuildFile; fileRef = CDB489622BA0DC95003E1F38 /* AuthError.swift */; };
		CDB489662BA25577003E1F38 /* FileType.swift in Sources */ = {isa = PBXBuildFile; fileRef = CDB489652BA25577003E1F38 /* FileType.swift */; };
		CDB489682BA255A1003E1F38 /* LocalFile.swift in Sources */ = {isa = PBXBuildFile; fileRef = CDB489672BA255A1003E1F38 /* LocalFile.swift */; };
		CDB4B1DA2AFF80D5006E6597 /* CombustionIncAnalyserApp.swift in Sources */ = {isa = PBXBuildFile; fileRef = CDB4B1D92AFF80D5006E6597 /* CombustionIncAnalyserApp.swift */; };
		CDB4B1DC2AFF80D5006E6597 /* SwiftDataContentView.swift in Sources */ = {isa = PBXBuildFile; fileRef = CDB4B1DB2AFF80D5006E6597 /* SwiftDataContentView.swift */; };
		CDB4B1DE2AFF80D5006E6597 /* SwiftDataItem.swift in Sources */ = {isa = PBXBuildFile; fileRef = CDB4B1DD2AFF80D5006E6597 /* SwiftDataItem.swift */; };
		CDB4B1E02AFF80D6006E6597 /* Assets.xcassets in Resources */ = {isa = PBXBuildFile; fileRef = CDB4B1DF2AFF80D6006E6597 /* Assets.xcassets */; };
		CDB4B1E42AFF80D6006E6597 /* Preview Assets.xcassets in Resources */ = {isa = PBXBuildFile; fileRef = CDB4B1E32AFF80D6006E6597 /* Preview Assets.xcassets */; };
		CDB4B1EE2AFF80D7006E6597 /* CombustionIncAnalyserTests.swift in Sources */ = {isa = PBXBuildFile; fileRef = CDB4B1ED2AFF80D7006E6597 /* CombustionIncAnalyserTests.swift */; };
		CDB4B1F82AFF80D7006E6597 /* CombustionIncAnalyserUITests.swift in Sources */ = {isa = PBXBuildFile; fileRef = CDB4B1F72AFF80D7006E6597 /* CombustionIncAnalyserUITests.swift */; };
		CDB4B1FA2AFF80D7006E6597 /* CombustionIncAnalyserUITestsLaunchTests.swift in Sources */ = {isa = PBXBuildFile; fileRef = CDB4B1F92AFF80D7006E6597 /* CombustionIncAnalyserUITestsLaunchTests.swift */; };
		CDB4B2082AFF94C1006E6597 /* HomeView.swift in Sources */ = {isa = PBXBuildFile; fileRef = CDB4B2072AFF94C1006E6597 /* HomeView.swift */; };
		CDB4B20A2AFFA95B006E6597 /* CookTimelineRow.swift in Sources */ = {isa = PBXBuildFile; fileRef = CDB4B2092AFFA95B006E6597 /* CookTimelineRow.swift */; };
		CDB4B20C2B016E70006E6597 /* CSVTemperatureParser.swift in Sources */ = {isa = PBXBuildFile; fileRef = CDB4B20B2B016E70006E6597 /* CSVTemperatureParser.swift */; };
		CDB4B2122B09F0B7006E6597 /* SettingsVisible.swift in Sources */ = {isa = PBXBuildFile; fileRef = CDB4B2112B09F0B7006E6597 /* SettingsVisible.swift */; };
		CDB4B2182B0A058B006E6597 /* TemperatureReading.swift in Sources */ = {isa = PBXBuildFile; fileRef = CDB4B2172B0A058B006E6597 /* TemperatureReading.swift */; };
		CDB4B21A2B0A2CCA006E6597 /* TemperatureUnit.swift in Sources */ = {isa = PBXBuildFile; fileRef = CDB4B2192B0A2CCA006E6597 /* TemperatureUnit.swift */; };
		CDD3149D2B04EF6F00A557F8 /* SelectFileScreen.swift in Sources */ = {isa = PBXBuildFile; fileRef = CDD3149C2B04EF6F00A557F8 /* SelectFileScreen.swift */; };
		CDD314A02B05348100A557F8 /* AppSettingsEnabledCurves.swift in Sources */ = {isa = PBXBuildFile; fileRef = CDD3149F2B05348100A557F8 /* AppSettingsEnabledCurves.swift */; };
		CDD314A22B05349400A557F8 /* AppSettingsKeys.swift in Sources */ = {isa = PBXBuildFile; fileRef = CDD314A12B05349400A557F8 /* AppSettingsKeys.swift */; };
		CDD314A42B057E5400A557F8 /* TemperatureCurvesView.swift in Sources */ = {isa = PBXBuildFile; fileRef = CDD314A32B057E5400A557F8 /* TemperatureCurvesView.swift */; };
		CDD314A92B080ADA00A557F8 /* CSVDropDestination.swift in Sources */ = {isa = PBXBuildFile; fileRef = CDD314A82B080ADA00A557F8 /* CSVDropDestination.swift */; };
		CDD314B02B0CE97C00A557F8 /* TemperatureChartPlottable.swift in Sources */ = {isa = PBXBuildFile; fileRef = CDD314AF2B0CE97C00A557F8 /* TemperatureChartPlottable.swift */; };
		CDD314B22B0CF28200A557F8 /* GraphTimelinePosition.swift in Sources */ = {isa = PBXBuildFile; fileRef = CDD314B12B0CF28200A557F8 /* GraphTimelinePosition.swift */; };
		CDD314B42B0CF2BF00A557F8 /* ProbeNotInsertedRange.swift in Sources */ = {isa = PBXBuildFile; fileRef = CDD314B32B0CF2BF00A557F8 /* ProbeNotInsertedRange.swift */; };
		CDD314B72B0CF32500A557F8 /* GraphAnnotationRequest.swift in Sources */ = {isa = PBXBuildFile; fileRef = CDD314B62B0CF32500A557F8 /* GraphAnnotationRequest.swift */; };
		CDD314B92B0CF39500A557F8 /* HomeViewModel.swift in Sources */ = {isa = PBXBuildFile; fileRef = CDD314B82B0CF39500A557F8 /* HomeViewModel.swift */; };
/* End PBXBuildFile section */

/* Begin PBXContainerItemProxy section */
		CDB4B1EA2AFF80D7006E6597 /* PBXContainerItemProxy */ = {
			isa = PBXContainerItemProxy;
			containerPortal = CDB4B1CE2AFF80D5006E6597 /* Project object */;
			proxyType = 1;
			remoteGlobalIDString = CDB4B1D52AFF80D5006E6597;
			remoteInfo = CombustionIncAnalyser;
		};
		CDB4B1F42AFF80D7006E6597 /* PBXContainerItemProxy */ = {
			isa = PBXContainerItemProxy;
			containerPortal = CDB4B1CE2AFF80D5006E6597 /* Project object */;
			proxyType = 1;
			remoteGlobalIDString = CDB4B1D52AFF80D5006E6597;
			remoteInfo = CombustionIncAnalyser;
		};
/* End PBXContainerItemProxy section */

/* Begin PBXFileReference section */
		CD5F3EA92B02C8BB001F3061 /* CSVTemperatureSerializer.swift */ = {isa = PBXFileReference; lastKnownFileType = sourcecode.swift; path = CSVTemperatureSerializer.swift; sourceTree = "<group>"; };
		CD5F3EAD2B03AC61001F3061 /* GraphView.swift */ = {isa = PBXFileReference; lastKnownFileType = sourcecode.swift; path = GraphView.swift; sourceTree = "<group>"; };
		CD5F3EB32B03D4BB001F3061 /* TimeInterval.swift */ = {isa = PBXFileReference; lastKnownFileType = sourcecode.swift; path = TimeInterval.swift; sourceTree = "<group>"; };
		CD5F3EB52B03DF96001F3061 /* NotesView.swift */ = {isa = PBXFileReference; lastKnownFileType = sourcecode.swift; path = NotesView.swift; sourceTree = "<group>"; };
		CD5F3EB82B03EB08001F3061 /* SettingsView.swift */ = {isa = PBXFileReference; lastKnownFileType = sourcecode.swift; path = SettingsView.swift; sourceTree = "<group>"; };
		CD67A19A2B0F8AD8008053FF /* AnnotationBackgroundViewModifier.swift */ = {isa = PBXFileReference; lastKnownFileType = sourcecode.swift; path = AnnotationBackgroundViewModifier.swift; sourceTree = "<group>"; };
		CD67A19C2B0F9750008053FF /* CADevice.swift */ = {isa = PBXFileReference; lastKnownFileType = sourcecode.swift; path = CADevice.swift; sourceTree = "<group>"; };
		CD84272F2B17CE0400DA293E /* MacOSPadding.swift */ = {isa = PBXFileReference; lastKnownFileType = sourcecode.swift; path = MacOSPadding.swift; sourceTree = "<group>"; };
		CD8427312B188E5900DA293E /* GoogleService-Info.plist */ = {isa = PBXFileReference; fileEncoding = 4; lastKnownFileType = text.plist.xml; path = "GoogleService-Info.plist"; sourceTree = "<group>"; };
		CD84273C2B18BE9700DA293E /* Pasteboard.swift */ = {isa = PBXFileReference; lastKnownFileType = sourcecode.swift; path = Pasteboard.swift; sourceTree = "<group>"; };
		CD84273E2B18BEDE00DA293E /* LoadingState.swift */ = {isa = PBXFileReference; lastKnownFileType = sourcecode.swift; path = LoadingState.swift; sourceTree = "<group>"; };
		CD8427402B19149800DA293E /* PopupMessageView.swift */ = {isa = PBXFileReference; lastKnownFileType = sourcecode.swift; path = PopupMessageView.swift; sourceTree = "<group>"; };
		CD8427422B19291300DA293E /* PopupMessage.swift */ = {isa = PBXFileReference; lastKnownFileType = sourcecode.swift; path = PopupMessage.swift; sourceTree = "<group>"; };
		CD8427482B19ED8600DA293E /* AsyncButton.swift */ = {isa = PBXFileReference; lastKnownFileType = sourcecode.swift; path = AsyncButton.swift; sourceTree = "<group>"; };
		CD84274A2B19FB3500DA293E /* HomeToolbarContent.swift */ = {isa = PBXFileReference; lastKnownFileType = sourcecode.swift; path = HomeToolbarContent.swift; sourceTree = "<group>"; };
		CD84274C2B19FEC800DA293E /* GraphAnnotationView.swift */ = {isa = PBXFileReference; lastKnownFileType = sourcecode.swift; path = GraphAnnotationView.swift; sourceTree = "<group>"; };
		CD8427532B1A0F2C00DA293E /* AuthView.swift */ = {isa = PBXFileReference; lastKnownFileType = sourcecode.swift; path = AuthView.swift; sourceTree = "<group>"; };
		CD91AFF62B1FD918000D6E19 /* UploadPrompt.swift */ = {isa = PBXFileReference; lastKnownFileType = sourcecode.swift; path = UploadPrompt.swift; sourceTree = "<group>"; };
		CD91AFF82B224F05000D6E19 /* MacOSWrappedScrollview.swift */ = {isa = PBXFileReference; lastKnownFileType = sourcecode.swift; path = MacOSWrappedScrollview.swift; sourceTree = "<group>"; };
		CD91AFFA2B225720000D6E19 /* OpenCrossCompatibleWindow.swift */ = {isa = PBXFileReference; lastKnownFileType = sourcecode.swift; path = OpenCrossCompatibleWindow.swift; sourceTree = "<group>"; };
		CD91AFFC2B289B17000D6E19 /* Info.plist */ = {isa = PBXFileReference; lastKnownFileType = text.plist; path = Info.plist; sourceTree = "<group>"; };
		CD91AFFD2B28B400000D6E19 /* AuthViewModel.swift */ = {isa = PBXFileReference; lastKnownFileType = sourcecode.swift; path = AuthViewModel.swift; sourceTree = "<group>"; };
		CD91B0022B29C8BF000D6E19 /* AuthService.swift */ = {isa = PBXFileReference; lastKnownFileType = sourcecode.swift; path = AuthService.swift; sourceTree = "<group>"; };
		CD91B0082B29C9E1000D6E19 /* Container.swift */ = {isa = PBXFileReference; lastKnownFileType = sourcecode.swift; path = Container.swift; sourceTree = "<group>"; };
		CD91B00B2B29FBFF000D6E19 /* CloudUploadView.swift */ = {isa = PBXFileReference; lastKnownFileType = sourcecode.swift; path = CloudUploadView.swift; sourceTree = "<group>"; };
		CD91B00D2B29FE19000D6E19 /* CloudService.swift */ = {isa = PBXFileReference; lastKnownFileType = sourcecode.swift; path = CloudService.swift; sourceTree = "<group>"; };
		CD91B0102B2B37B4000D6E19 /* ListCloudViewLoaded.swift */ = {isa = PBXFileReference; lastKnownFileType = sourcecode.swift; path = ListCloudViewLoaded.swift; sourceTree = "<group>"; };
		CD91B0122B2B8C43000D6E19 /* ListCloudView.swift */ = {isa = PBXFileReference; lastKnownFileType = sourcecode.swift; path = ListCloudView.swift; sourceTree = "<group>"; };
		CD91B0142B2B9083000D6E19 /* ListCloudViewRow.swift */ = {isa = PBXFileReference; lastKnownFileType = sourcecode.swift; path = ListCloudViewRow.swift; sourceTree = "<group>"; };
		CDB4891E2B84DAAD003E1F38 /* LiveView.swift */ = {isa = PBXFileReference; lastKnownFileType = sourcecode.swift; path = LiveView.swift; sourceTree = "<group>"; };
		CDB489232B84E923003E1F38 /* LiveProbeView.swift */ = {isa = PBXFileReference; lastKnownFileType = sourcecode.swift; path = LiveProbeView.swift; sourceTree = "<group>"; };
		CDB489622BA0DC95003E1F38 /* AuthError.swift */ = {isa = PBXFileReference; lastKnownFileType = sourcecode.swift; path = AuthError.swift; sourceTree = "<group>"; };
		CDB489652BA25577003E1F38 /* FileType.swift */ = {isa = PBXFileReference; lastKnownFileType = sourcecode.swift; path = FileType.swift; sourceTree = "<group>"; };
		CDB489672BA255A1003E1F38 /* LocalFile.swift */ = {isa = PBXFileReference; lastKnownFileType = sourcecode.swift; path = LocalFile.swift; sourceTree = "<group>"; };
		CDB4B1D62AFF80D5006E6597 /* CombustionIncAnalyser.app */ = {isa = PBXFileReference; explicitFileType = wrapper.application; includeInIndex = 0; path = CombustionIncAnalyser.app; sourceTree = BUILT_PRODUCTS_DIR; };
		CDB4B1D92AFF80D5006E6597 /* CombustionIncAnalyserApp.swift */ = {isa = PBXFileReference; lastKnownFileType = sourcecode.swift; path = CombustionIncAnalyserApp.swift; sourceTree = "<group>"; };
		CDB4B1DB2AFF80D5006E6597 /* SwiftDataContentView.swift */ = {isa = PBXFileReference; lastKnownFileType = sourcecode.swift; path = SwiftDataContentView.swift; sourceTree = "<group>"; };
		CDB4B1DD2AFF80D5006E6597 /* SwiftDataItem.swift */ = {isa = PBXFileReference; lastKnownFileType = sourcecode.swift; path = SwiftDataItem.swift; sourceTree = "<group>"; };
		CDB4B1DF2AFF80D6006E6597 /* Assets.xcassets */ = {isa = PBXFileReference; lastKnownFileType = folder.assetcatalog; path = Assets.xcassets; sourceTree = "<group>"; };
		CDB4B1E12AFF80D6006E6597 /* CombustionIncAnalyser.entitlements */ = {isa = PBXFileReference; lastKnownFileType = text.plist.entitlements; path = CombustionIncAnalyser.entitlements; sourceTree = "<group>"; };
		CDB4B1E32AFF80D6006E6597 /* Preview Assets.xcassets */ = {isa = PBXFileReference; lastKnownFileType = folder.assetcatalog; path = "Preview Assets.xcassets"; sourceTree = "<group>"; };
		CDB4B1E92AFF80D7006E6597 /* CombustionIncAnalyserTests.xctest */ = {isa = PBXFileReference; explicitFileType = wrapper.cfbundle; includeInIndex = 0; path = CombustionIncAnalyserTests.xctest; sourceTree = BUILT_PRODUCTS_DIR; };
		CDB4B1ED2AFF80D7006E6597 /* CombustionIncAnalyserTests.swift */ = {isa = PBXFileReference; lastKnownFileType = sourcecode.swift; path = CombustionIncAnalyserTests.swift; sourceTree = "<group>"; };
		CDB4B1F32AFF80D7006E6597 /* CombustionIncAnalyserUITests.xctest */ = {isa = PBXFileReference; explicitFileType = wrapper.cfbundle; includeInIndex = 0; path = CombustionIncAnalyserUITests.xctest; sourceTree = BUILT_PRODUCTS_DIR; };
		CDB4B1F72AFF80D7006E6597 /* CombustionIncAnalyserUITests.swift */ = {isa = PBXFileReference; lastKnownFileType = sourcecode.swift; path = CombustionIncAnalyserUITests.swift; sourceTree = "<group>"; };
		CDB4B1F92AFF80D7006E6597 /* CombustionIncAnalyserUITestsLaunchTests.swift */ = {isa = PBXFileReference; lastKnownFileType = sourcecode.swift; path = CombustionIncAnalyserUITestsLaunchTests.swift; sourceTree = "<group>"; };
		CDB4B2072AFF94C1006E6597 /* HomeView.swift */ = {isa = PBXFileReference; lastKnownFileType = sourcecode.swift; path = HomeView.swift; sourceTree = "<group>"; };
		CDB4B2092AFFA95B006E6597 /* CookTimelineRow.swift */ = {isa = PBXFileReference; lastKnownFileType = sourcecode.swift; path = CookTimelineRow.swift; sourceTree = "<group>"; };
		CDB4B20B2B016E70006E6597 /* CSVTemperatureParser.swift */ = {isa = PBXFileReference; lastKnownFileType = sourcecode.swift; path = CSVTemperatureParser.swift; sourceTree = "<group>"; };
		CDB4B2112B09F0B7006E6597 /* SettingsVisible.swift */ = {isa = PBXFileReference; lastKnownFileType = sourcecode.swift; path = SettingsVisible.swift; sourceTree = "<group>"; };
		CDB4B2172B0A058B006E6597 /* TemperatureReading.swift */ = {isa = PBXFileReference; lastKnownFileType = sourcecode.swift; path = TemperatureReading.swift; sourceTree = "<group>"; };
		CDB4B2192B0A2CCA006E6597 /* TemperatureUnit.swift */ = {isa = PBXFileReference; lastKnownFileType = sourcecode.swift; path = TemperatureUnit.swift; sourceTree = "<group>"; };
		CDD3149C2B04EF6F00A557F8 /* SelectFileScreen.swift */ = {isa = PBXFileReference; lastKnownFileType = sourcecode.swift; path = SelectFileScreen.swift; sourceTree = "<group>"; };
		CDD3149F2B05348100A557F8 /* AppSettingsEnabledCurves.swift */ = {isa = PBXFileReference; lastKnownFileType = sourcecode.swift; path = AppSettingsEnabledCurves.swift; sourceTree = "<group>"; };
		CDD314A12B05349400A557F8 /* AppSettingsKeys.swift */ = {isa = PBXFileReference; lastKnownFileType = sourcecode.swift; path = AppSettingsKeys.swift; sourceTree = "<group>"; };
		CDD314A32B057E5400A557F8 /* TemperatureCurvesView.swift */ = {isa = PBXFileReference; lastKnownFileType = sourcecode.swift; path = TemperatureCurvesView.swift; sourceTree = "<group>"; };
		CDD314A82B080ADA00A557F8 /* CSVDropDestination.swift */ = {isa = PBXFileReference; lastKnownFileType = sourcecode.swift; path = CSVDropDestination.swift; sourceTree = "<group>"; };
		CDD314AF2B0CE97C00A557F8 /* TemperatureChartPlottable.swift */ = {isa = PBXFileReference; lastKnownFileType = sourcecode.swift; path = TemperatureChartPlottable.swift; sourceTree = "<group>"; };
		CDD314B12B0CF28200A557F8 /* GraphTimelinePosition.swift */ = {isa = PBXFileReference; lastKnownFileType = sourcecode.swift; path = GraphTimelinePosition.swift; sourceTree = "<group>"; };
		CDD314B32B0CF2BF00A557F8 /* ProbeNotInsertedRange.swift */ = {isa = PBXFileReference; lastKnownFileType = sourcecode.swift; path = ProbeNotInsertedRange.swift; sourceTree = "<group>"; };
		CDD314B62B0CF32500A557F8 /* GraphAnnotationRequest.swift */ = {isa = PBXFileReference; lastKnownFileType = sourcecode.swift; path = GraphAnnotationRequest.swift; sourceTree = "<group>"; };
		CDD314B82B0CF39500A557F8 /* HomeViewModel.swift */ = {isa = PBXFileReference; lastKnownFileType = sourcecode.swift; path = HomeViewModel.swift; sourceTree = "<group>"; };
/* End PBXFileReference section */

/* Begin PBXFrameworksBuildPhase section */
		CDB4B1D32AFF80D5006E6597 /* Frameworks */ = {
			isa = PBXFrameworksBuildPhase;
			buildActionMask = 2147483647;
			files = (
				CD8427392B188F5600DA293E /* FirebaseInstallations in Frameworks */,
				CD84273B2B188F5600DA293E /* FirebaseStorage in Frameworks */,
				CD8427462B19308200DA293E /* PopupView in Frameworks */,
				CD91B0062B29C97F000D6E19 /* Factory in Frameworks */,
				CD8427352B188F5600DA293E /* FirebaseAuth in Frameworks */,
				CD8427372B188F5600DA293E /* FirebaseFirestoreSwift in Frameworks */,
				CDB489222B84DB38003E1F38 /* CombustionBLE in Frameworks */,
			);
			runOnlyForDeploymentPostprocessing = 0;
		};
		CDB4B1E62AFF80D7006E6597 /* Frameworks */ = {
			isa = PBXFrameworksBuildPhase;
			buildActionMask = 2147483647;
			files = (
			);
			runOnlyForDeploymentPostprocessing = 0;
		};
		CDB4B1F02AFF80D7006E6597 /* Frameworks */ = {
			isa = PBXFrameworksBuildPhase;
			buildActionMask = 2147483647;
			files = (
			);
			runOnlyForDeploymentPostprocessing = 0;
		};
/* End PBXFrameworksBuildPhase section */

/* Begin PBXGroup section */
		CD5F3EB22B03D4B1001F3061 /* Extensions */ = {
			isa = PBXGroup;
			children = (
				CD5F3EB32B03D4BB001F3061 /* TimeInterval.swift */,
			);
			path = Extensions;
			sourceTree = "<group>";
		};
		CD67A1992B0F8ABD008053FF /* ViewModifiers */ = {
			isa = PBXGroup;
			children = (
				CD67A19A2B0F8AD8008053FF /* AnnotationBackgroundViewModifier.swift */,
			);
			path = ViewModifiers;
			sourceTree = "<group>";
		};
		CD8427472B19ED7B00DA293E /* Components */ = {
			isa = PBXGroup;
			children = (
				CD8427482B19ED8600DA293E /* AsyncButton.swift */,
				CD8427402B19149800DA293E /* PopupMessageView.swift */,
			);
			path = Components;
			sourceTree = "<group>";
		};
		CD84274F2B1A0EFE00DA293E /* Auth */ = {
			isa = PBXGroup;
			children = (
				CD8427532B1A0F2C00DA293E /* AuthView.swift */,
				CD91AFFD2B28B400000D6E19 /* AuthViewModel.swift */,
			);
			path = Auth;
			sourceTree = "<group>";
		};
		CD91B0012B29C8B2000D6E19 /* Services */ = {
			isa = PBXGroup;
			children = (
				CD91B0022B29C8BF000D6E19 /* AuthService.swift */,
				CD91B00D2B29FE19000D6E19 /* CloudService.swift */,
			);
			path = Services;
			sourceTree = "<group>";
		};
		CD91B0072B29C98D000D6E19 /* DependencyInjection */ = {
			isa = PBXGroup;
			children = (
				CD91B0082B29C9E1000D6E19 /* Container.swift */,
			);
			path = DependencyInjection;
			sourceTree = "<group>";
		};
		CD91B00A2B29FBE5000D6E19 /* CloudUploadView */ = {
			isa = PBXGroup;
			children = (
				CD91B00B2B29FBFF000D6E19 /* CloudUploadView.swift */,
				CD91AFF62B1FD918000D6E19 /* UploadPrompt.swift */,
			);
			path = CloudUploadView;
			sourceTree = "<group>";
		};
		CD91B00F2B2B379C000D6E19 /* ListCloudView */ = {
			isa = PBXGroup;
			children = (
				CD91B0122B2B8C43000D6E19 /* ListCloudView.swift */,
				CD91B0102B2B37B4000D6E19 /* ListCloudViewLoaded.swift */,
				CD91B0142B2B9083000D6E19 /* ListCloudViewRow.swift */,
			);
			path = ListCloudView;
			sourceTree = "<group>";
		};
		CDB4891D2B84DAA6003E1F38 /* LiveView */ = {
			isa = PBXGroup;
			children = (
				CDB4891E2B84DAAD003E1F38 /* LiveView.swift */,
				CDB489232B84E923003E1F38 /* LiveProbeView.swift */,
			);
			path = LiveView;
			sourceTree = "<group>";
		};
		CDB489612BA0DC84003E1F38 /* Errors */ = {
			isa = PBXGroup;
			children = (
				CDB489622BA0DC95003E1F38 /* AuthError.swift */,
			);
			path = Errors;
			sourceTree = "<group>";
		};
		CDB489642BA25570003E1F38 /* File */ = {
			isa = PBXGroup;
			children = (
				CDB489652BA25577003E1F38 /* FileType.swift */,
				CDB489672BA255A1003E1F38 /* LocalFile.swift */,
			);
			path = File;
			sourceTree = "<group>";
		};
		CDB4B1CD2AFF80D5006E6597 = {
			isa = PBXGroup;
			children = (
				CDB4B1D82AFF80D5006E6597 /* CombustionIncAnalyser */,
				CDB4B1EC2AFF80D7006E6597 /* CombustionIncAnalyserTests */,
				CDB4B1F62AFF80D7006E6597 /* CombustionIncAnalyserUITests */,
				CDB4B1D72AFF80D5006E6597 /* Products */,
			);
			sourceTree = "<group>";
		};
		CDB4B1D72AFF80D5006E6597 /* Products */ = {
			isa = PBXGroup;
			children = (
				CDB4B1D62AFF80D5006E6597 /* CombustionIncAnalyser.app */,
				CDB4B1E92AFF80D7006E6597 /* CombustionIncAnalyserTests.xctest */,
				CDB4B1F32AFF80D7006E6597 /* CombustionIncAnalyserUITests.xctest */,
			);
			name = Products;
			sourceTree = "<group>";
		};
		CDB4B1D82AFF80D5006E6597 /* CombustionIncAnalyser */ = {
			isa = PBXGroup;
			children = (
				CD91AFFC2B289B17000D6E19 /* Info.plist */,
				CDB4B1D92AFF80D5006E6597 /* CombustionIncAnalyserApp.swift */,
				CD91B0072B29C98D000D6E19 /* DependencyInjection */,
				CDB4B2062AFF9492006E6597 /* SwiftData */,
				CDB4B20F2B016EE2006E6597 /* Views */,
				CDB4B20E2B016ECA006E6597 /* Models */,
				CDB4B20D2B016EBF006E6597 /* Utils */,
				CD91B0012B29C8B2000D6E19 /* Services */,
				CDB4B1DF2AFF80D6006E6597 /* Assets.xcassets */,
				CDB4B1E12AFF80D6006E6597 /* CombustionIncAnalyser.entitlements */,
				CD8427312B188E5900DA293E /* GoogleService-Info.plist */,
				CDB4B1E22AFF80D6006E6597 /* Preview Content */,
			);
			path = CombustionIncAnalyser;
			sourceTree = "<group>";
		};
		CDB4B1E22AFF80D6006E6597 /* Preview Content */ = {
			isa = PBXGroup;
			children = (
				CDB4B1E32AFF80D6006E6597 /* Preview Assets.xcassets */,
			);
			path = "Preview Content";
			sourceTree = "<group>";
		};
		CDB4B1EC2AFF80D7006E6597 /* CombustionIncAnalyserTests */ = {
			isa = PBXGroup;
			children = (
				CDB4B1ED2AFF80D7006E6597 /* CombustionIncAnalyserTests.swift */,
			);
			path = CombustionIncAnalyserTests;
			sourceTree = "<group>";
		};
		CDB4B1F62AFF80D7006E6597 /* CombustionIncAnalyserUITests */ = {
			isa = PBXGroup;
			children = (
				CDB4B1F72AFF80D7006E6597 /* CombustionIncAnalyserUITests.swift */,
				CDB4B1F92AFF80D7006E6597 /* CombustionIncAnalyserUITestsLaunchTests.swift */,
			);
			path = CombustionIncAnalyserUITests;
			sourceTree = "<group>";
		};
		CDB4B2062AFF9492006E6597 /* SwiftData */ = {
			isa = PBXGroup;
			children = (
				CDB4B1DB2AFF80D5006E6597 /* SwiftDataContentView.swift */,
				CDB4B1DD2AFF80D5006E6597 /* SwiftDataItem.swift */,
			);
			path = SwiftData;
			sourceTree = "<group>";
		};
		CDB4B20D2B016EBF006E6597 /* Utils */ = {
			isa = PBXGroup;
			children = (
				CDB489642BA25570003E1F38 /* File */,
				CDB489612BA0DC84003E1F38 /* Errors */,
				CDB4B2102B09F093006E6597 /* EnvironmentKeys */,
				CDD314A72B080ABC00A557F8 /* ViewModifiers */,
				CD5F3EB22B03D4B1001F3061 /* Extensions */,
				CDB4B20B2B016E70006E6597 /* CSVTemperatureParser.swift */,
				CD5F3EA92B02C8BB001F3061 /* CSVTemperatureSerializer.swift */,
				CD67A19C2B0F9750008053FF /* CADevice.swift */,
				CD84273C2B18BE9700DA293E /* Pasteboard.swift */,
				CD84273E2B18BEDE00DA293E /* LoadingState.swift */,
			);
			path = Utils;
			sourceTree = "<group>";
		};
		CDB4B20E2B016ECA006E6597 /* Models */ = {
			isa = PBXGroup;
			children = (
				CDB4B2092AFFA95B006E6597 /* CookTimelineRow.swift */,
				CDB4B2172B0A058B006E6597 /* TemperatureReading.swift */,
				CDB4B2192B0A2CCA006E6597 /* TemperatureUnit.swift */,
				CDD314B12B0CF28200A557F8 /* GraphTimelinePosition.swift */,
				CDD314B32B0CF2BF00A557F8 /* ProbeNotInsertedRange.swift */,
				CDD314B62B0CF32500A557F8 /* GraphAnnotationRequest.swift */,
			);
			path = Models;
			sourceTree = "<group>";
		};
		CDB4B20F2B016EE2006E6597 /* Views */ = {
			isa = PBXGroup;
			children = (
				CDB4891D2B84DAA6003E1F38 /* LiveView */,
				CD84274F2B1A0EFE00DA293E /* Auth */,
				CD91B00A2B29FBE5000D6E19 /* CloudUploadView */,
				CD91B00F2B2B379C000D6E19 /* ListCloudView */,
				CD8427472B19ED7B00DA293E /* Components */,
				CDD314A52B07A36A00A557F8 /* Graph */,
				CDD314B52B0CF31000A557F8 /* Home */,
				CDD314A62B07A38800A557F8 /* Notes */,
				CDD3149E2B05346A00A557F8 /* Settings */,
				CDD3149C2B04EF6F00A557F8 /* SelectFileScreen.swift */,
			);
			path = Views;
			sourceTree = "<group>";
		};
		CDB4B2102B09F093006E6597 /* EnvironmentKeys */ = {
			isa = PBXGroup;
			children = (
				CD8427422B19291300DA293E /* PopupMessage.swift */,
				CDB4B2112B09F0B7006E6597 /* SettingsVisible.swift */,
				CD91AFFA2B225720000D6E19 /* OpenCrossCompatibleWindow.swift */,
			);
			path = EnvironmentKeys;
			sourceTree = "<group>";
		};
		CDD3149E2B05346A00A557F8 /* Settings */ = {
			isa = PBXGroup;
			children = (
				CDD314A12B05349400A557F8 /* AppSettingsKeys.swift */,
				CDD3149F2B05348100A557F8 /* AppSettingsEnabledCurves.swift */,
				CD5F3EB82B03EB08001F3061 /* SettingsView.swift */,
			);
			path = Settings;
			sourceTree = "<group>";
		};
		CDD314A52B07A36A00A557F8 /* Graph */ = {
			isa = PBXGroup;
			children = (
				CD67A1992B0F8ABD008053FF /* ViewModifiers */,
				CD5F3EAD2B03AC61001F3061 /* GraphView.swift */,
				CDD314A32B057E5400A557F8 /* TemperatureCurvesView.swift */,
				CDD314AF2B0CE97C00A557F8 /* TemperatureChartPlottable.swift */,
			);
			path = Graph;
			sourceTree = "<group>";
		};
		CDD314A62B07A38800A557F8 /* Notes */ = {
			isa = PBXGroup;
			children = (
				CD5F3EB52B03DF96001F3061 /* NotesView.swift */,
			);
			path = Notes;
			sourceTree = "<group>";
		};
		CDD314A72B080ABC00A557F8 /* ViewModifiers */ = {
			isa = PBXGroup;
			children = (
				CDD314A82B080ADA00A557F8 /* CSVDropDestination.swift */,
				CD84272F2B17CE0400DA293E /* MacOSPadding.swift */,
				CD91AFF82B224F05000D6E19 /* MacOSWrappedScrollview.swift */,
			);
			path = ViewModifiers;
			sourceTree = "<group>";
		};
		CDD314B52B0CF31000A557F8 /* Home */ = {
			isa = PBXGroup;
			children = (
				CD84274A2B19FB3500DA293E /* HomeToolbarContent.swift */,
				CDB4B2072AFF94C1006E6597 /* HomeView.swift */,
				CDD314B82B0CF39500A557F8 /* HomeViewModel.swift */,
				CD84274C2B19FEC800DA293E /* GraphAnnotationView.swift */,
			);
			path = Home;
			sourceTree = "<group>";
		};
/* End PBXGroup section */

/* Begin PBXNativeTarget section */
		CDB4B1D52AFF80D5006E6597 /* CombustionIncAnalyser */ = {
			isa = PBXNativeTarget;
			buildConfigurationList = CDB4B1FD2AFF80D7006E6597 /* Build configuration list for PBXNativeTarget "CombustionIncAnalyser" */;
			buildPhases = (
				CDB4B1D22AFF80D5006E6597 /* Sources */,
				CDB4B1D32AFF80D5006E6597 /* Frameworks */,
				CDB4B1D42AFF80D5006E6597 /* Resources */,
			);
			buildRules = (
			);
			dependencies = (
			);
			name = CombustionIncAnalyser;
			packageProductDependencies = (
				CD8427342B188F5600DA293E /* FirebaseAuth */,
				CD8427362B188F5600DA293E /* FirebaseFirestoreSwift */,
				CD8427382B188F5600DA293E /* FirebaseInstallations */,
				CD84273A2B188F5600DA293E /* FirebaseStorage */,
				CD8427452B19308200DA293E /* PopupView */,
				CD91B0052B29C97F000D6E19 /* Factory */,
				CDB489212B84DB38003E1F38 /* CombustionBLE */,
			);
			productName = CombustionIncAnalyser;
			productReference = CDB4B1D62AFF80D5006E6597 /* CombustionIncAnalyser.app */;
			productType = "com.apple.product-type.application";
		};
		CDB4B1E82AFF80D7006E6597 /* CombustionIncAnalyserTests */ = {
			isa = PBXNativeTarget;
			buildConfigurationList = CDB4B2002AFF80D7006E6597 /* Build configuration list for PBXNativeTarget "CombustionIncAnalyserTests" */;
			buildPhases = (
				CDB4B1E52AFF80D7006E6597 /* Sources */,
				CDB4B1E62AFF80D7006E6597 /* Frameworks */,
				CDB4B1E72AFF80D7006E6597 /* Resources */,
			);
			buildRules = (
			);
			dependencies = (
				CDB4B1EB2AFF80D7006E6597 /* PBXTargetDependency */,
			);
			name = CombustionIncAnalyserTests;
			productName = CombustionIncAnalyserTests;
			productReference = CDB4B1E92AFF80D7006E6597 /* CombustionIncAnalyserTests.xctest */;
			productType = "com.apple.product-type.bundle.unit-test";
		};
		CDB4B1F22AFF80D7006E6597 /* CombustionIncAnalyserUITests */ = {
			isa = PBXNativeTarget;
			buildConfigurationList = CDB4B2032AFF80D7006E6597 /* Build configuration list for PBXNativeTarget "CombustionIncAnalyserUITests" */;
			buildPhases = (
				CDB4B1EF2AFF80D7006E6597 /* Sources */,
				CDB4B1F02AFF80D7006E6597 /* Frameworks */,
				CDB4B1F12AFF80D7006E6597 /* Resources */,
			);
			buildRules = (
			);
			dependencies = (
				CDB4B1F52AFF80D7006E6597 /* PBXTargetDependency */,
			);
			name = CombustionIncAnalyserUITests;
			productName = CombustionIncAnalyserUITests;
			productReference = CDB4B1F32AFF80D7006E6597 /* CombustionIncAnalyserUITests.xctest */;
			productType = "com.apple.product-type.bundle.ui-testing";
		};
/* End PBXNativeTarget section */

/* Begin PBXProject section */
		CDB4B1CE2AFF80D5006E6597 /* Project object */ = {
			isa = PBXProject;
			attributes = {
				BuildIndependentTargetsInParallel = 1;
				LastSwiftUpdateCheck = 1500;
				LastUpgradeCheck = 1500;
				TargetAttributes = {
					CDB4B1D52AFF80D5006E6597 = {
						CreatedOnToolsVersion = 15.0.1;
					};
					CDB4B1E82AFF80D7006E6597 = {
						CreatedOnToolsVersion = 15.0.1;
						TestTargetID = CDB4B1D52AFF80D5006E6597;
					};
					CDB4B1F22AFF80D7006E6597 = {
						CreatedOnToolsVersion = 15.0.1;
						TestTargetID = CDB4B1D52AFF80D5006E6597;
					};
				};
			};
			buildConfigurationList = CDB4B1D12AFF80D5006E6597 /* Build configuration list for PBXProject "CombustionIncAnalyser" */;
			compatibilityVersion = "Xcode 14.0";
			developmentRegion = en;
			hasScannedForEncodings = 0;
			knownRegions = (
				en,
				Base,
			);
			mainGroup = CDB4B1CD2AFF80D5006E6597;
			packageReferences = (
				CD8427332B188F5600DA293E /* XCRemoteSwiftPackageReference "firebase-ios-sdk" */,
				CD8427442B19308200DA293E /* XCRemoteSwiftPackageReference "PopupView" */,
				CD91B0042B29C97F000D6E19 /* XCRemoteSwiftPackageReference "Factory" */,
				CDB489202B84DB38003E1F38 /* XCRemoteSwiftPackageReference "combustion-ios-ble" */,
			);
			productRefGroup = CDB4B1D72AFF80D5006E6597 /* Products */;
			projectDirPath = "";
			projectRoot = "";
			targets = (
				CDB4B1D52AFF80D5006E6597 /* CombustionIncAnalyser */,
				CDB4B1E82AFF80D7006E6597 /* CombustionIncAnalyserTests */,
				CDB4B1F22AFF80D7006E6597 /* CombustionIncAnalyserUITests */,
			);
		};
/* End PBXProject section */

/* Begin PBXResourcesBuildPhase section */
		CDB4B1D42AFF80D5006E6597 /* Resources */ = {
			isa = PBXResourcesBuildPhase;
			buildActionMask = 2147483647;
			files = (
				CDB4B1E42AFF80D6006E6597 /* Preview Assets.xcassets in Resources */,
				CDB4B1E02AFF80D6006E6597 /* Assets.xcassets in Resources */,
				CD8427322B188E5900DA293E /* GoogleService-Info.plist in Resources */,
			);
			runOnlyForDeploymentPostprocessing = 0;
		};
		CDB4B1E72AFF80D7006E6597 /* Resources */ = {
			isa = PBXResourcesBuildPhase;
			buildActionMask = 2147483647;
			files = (
			);
			runOnlyForDeploymentPostprocessing = 0;
		};
		CDB4B1F12AFF80D7006E6597 /* Resources */ = {
			isa = PBXResourcesBuildPhase;
			buildActionMask = 2147483647;
			files = (
			);
			runOnlyForDeploymentPostprocessing = 0;
		};
/* End PBXResourcesBuildPhase section */

/* Begin PBXSourcesBuildPhase section */
		CDB4B1D22AFF80D5006E6597 /* Sources */ = {
			isa = PBXSourcesBuildPhase;
			buildActionMask = 2147483647;
			files = (
				CD91B0112B2B37B4000D6E19 /* ListCloudViewLoaded.swift in Sources */,
				CD8427412B19149800DA293E /* PopupMessageView.swift in Sources */,
				CDD314A42B057E5400A557F8 /* TemperatureCurvesView.swift in Sources */,
				CD91AFF72B1FD918000D6E19 /* UploadPrompt.swift in Sources */,
				CDD314B42B0CF2BF00A557F8 /* ProbeNotInsertedRange.swift in Sources */,
				CDB4B1DC2AFF80D5006E6597 /* SwiftDataContentView.swift in Sources */,
				CDB489632BA0DC95003E1F38 /* AuthError.swift in Sources */,
				CD91B00E2B29FE19000D6E19 /* CloudService.swift in Sources */,
				CD84273F2B18BEDE00DA293E /* LoadingState.swift in Sources */,
				CD5F3EB42B03D4BB001F3061 /* TimeInterval.swift in Sources */,
				CD91B00C2B29FBFF000D6E19 /* CloudUploadView.swift in Sources */,
				CD91B0032B29C8BF000D6E19 /* AuthService.swift in Sources */,
				CD8427492B19ED8600DA293E /* AsyncButton.swift in Sources */,
				CD84273D2B18BE9700DA293E /* Pasteboard.swift in Sources */,
				CD5F3EB62B03DF96001F3061 /* NotesView.swift in Sources */,
				CDB489682BA255A1003E1F38 /* LocalFile.swift in Sources */,
				CD8427302B17CE0400DA293E /* MacOSPadding.swift in Sources */,
				CDB4B2082AFF94C1006E6597 /* HomeView.swift in Sources */,
				CD8427432B19291300DA293E /* PopupMessage.swift in Sources */,
				CDB4B20A2AFFA95B006E6597 /* CookTimelineRow.swift in Sources */,
				CD91AFFB2B225720000D6E19 /* OpenCrossCompatibleWindow.swift in Sources */,
				CDD314B22B0CF28200A557F8 /* GraphTimelinePosition.swift in Sources */,
				CD67A19B2B0F8AD8008053FF /* AnnotationBackgroundViewModifier.swift in Sources */,
				CD91B0132B2B8C43000D6E19 /* ListCloudView.swift in Sources */,
				CDD314B72B0CF32500A557F8 /* GraphAnnotationRequest.swift in Sources */,
				CD91AFF92B224F05000D6E19 /* MacOSWrappedScrollview.swift in Sources */,
				CDD314A92B080ADA00A557F8 /* CSVDropDestination.swift in Sources */,
				CD91AFFE2B28B400000D6E19 /* AuthViewModel.swift in Sources */,
				CDB489662BA25577003E1F38 /* FileType.swift in Sources */,
				CDB4B1DE2AFF80D5006E6597 /* SwiftDataItem.swift in Sources */,
				CDB4B20C2B016E70006E6597 /* CSVTemperatureParser.swift in Sources */,
				CD67A19D2B0F9750008053FF /* CADevice.swift in Sources */,
				CD91B0152B2B9083000D6E19 /* ListCloudViewRow.swift in Sources */,
				CDB4B1DA2AFF80D5006E6597 /* CombustionIncAnalyserApp.swift in Sources */,
				CDD314A22B05349400A557F8 /* AppSettingsKeys.swift in Sources */,
				CD5F3EAA2B02C8BB001F3061 /* CSVTemperatureSerializer.swift in Sources */,
				CDB489242B84E923003E1F38 /* LiveProbeView.swift in Sources */,
				CD84274B2B19FB3500DA293E /* HomeToolbarContent.swift in Sources */,
				CDD314B02B0CE97C00A557F8 /* TemperatureChartPlottable.swift in Sources */,
				CDB4B21A2B0A2CCA006E6597 /* TemperatureUnit.swift in Sources */,
				CD84274D2B19FEC800DA293E /* GraphAnnotationView.swift in Sources */,
				CDD314A02B05348100A557F8 /* AppSettingsEnabledCurves.swift in Sources */,
				CDB4B2182B0A058B006E6597 /* TemperatureReading.swift in Sources */,
				CDB4891F2B84DAAD003E1F38 /* LiveView.swift in Sources */,
				CDD314B92B0CF39500A557F8 /* HomeViewModel.swift in Sources */,
				CDD3149D2B04EF6F00A557F8 /* SelectFileScreen.swift in Sources */,
				CD5F3EAE2B03AC61001F3061 /* GraphView.swift in Sources */,
				CDB4B2122B09F0B7006E6597 /* SettingsVisible.swift in Sources */,
				CD8427542B1A0F2C00DA293E /* AuthView.swift in Sources */,
				CD5F3EB92B03EB08001F3061 /* SettingsView.swift in Sources */,
				CD91B0092B29C9E1000D6E19 /* Container.swift in Sources */,
			);
			runOnlyForDeploymentPostprocessing = 0;
		};
		CDB4B1E52AFF80D7006E6597 /* Sources */ = {
			isa = PBXSourcesBuildPhase;
			buildActionMask = 2147483647;
			files = (
				CDB4B1EE2AFF80D7006E6597 /* CombustionIncAnalyserTests.swift in Sources */,
			);
			runOnlyForDeploymentPostprocessing = 0;
		};
		CDB4B1EF2AFF80D7006E6597 /* Sources */ = {
			isa = PBXSourcesBuildPhase;
			buildActionMask = 2147483647;
			files = (
				CDB4B1F82AFF80D7006E6597 /* CombustionIncAnalyserUITests.swift in Sources */,
				CDB4B1FA2AFF80D7006E6597 /* CombustionIncAnalyserUITestsLaunchTests.swift in Sources */,
			);
			runOnlyForDeploymentPostprocessing = 0;
		};
/* End PBXSourcesBuildPhase section */

/* Begin PBXTargetDependency section */
		CDB4B1EB2AFF80D7006E6597 /* PBXTargetDependency */ = {
			isa = PBXTargetDependency;
			target = CDB4B1D52AFF80D5006E6597 /* CombustionIncAnalyser */;
			targetProxy = CDB4B1EA2AFF80D7006E6597 /* PBXContainerItemProxy */;
		};
		CDB4B1F52AFF80D7006E6597 /* PBXTargetDependency */ = {
			isa = PBXTargetDependency;
			target = CDB4B1D52AFF80D5006E6597 /* CombustionIncAnalyser */;
			targetProxy = CDB4B1F42AFF80D7006E6597 /* PBXContainerItemProxy */;
		};
/* End PBXTargetDependency section */

/* Begin XCBuildConfiguration section */
		CDB4B1FB2AFF80D7006E6597 /* Debug */ = {
			isa = XCBuildConfiguration;
			buildSettings = {
				ALWAYS_SEARCH_USER_PATHS = NO;
				ASSETCATALOG_COMPILER_GENERATE_SWIFT_ASSET_SYMBOL_EXTENSIONS = YES;
				CLANG_ANALYZER_NONNULL = YES;
				CLANG_ANALYZER_NUMBER_OBJECT_CONVERSION = YES_AGGRESSIVE;
				CLANG_CXX_LANGUAGE_STANDARD = "gnu++20";
				CLANG_ENABLE_MODULES = YES;
				CLANG_ENABLE_OBJC_ARC = YES;
				CLANG_ENABLE_OBJC_WEAK = YES;
				CLANG_WARN_BLOCK_CAPTURE_AUTORELEASING = YES;
				CLANG_WARN_BOOL_CONVERSION = YES;
				CLANG_WARN_COMMA = YES;
				CLANG_WARN_CONSTANT_CONVERSION = YES;
				CLANG_WARN_DEPRECATED_OBJC_IMPLEMENTATIONS = YES;
				CLANG_WARN_DIRECT_OBJC_ISA_USAGE = YES_ERROR;
				CLANG_WARN_DOCUMENTATION_COMMENTS = YES;
				CLANG_WARN_EMPTY_BODY = YES;
				CLANG_WARN_ENUM_CONVERSION = YES;
				CLANG_WARN_INFINITE_RECURSION = YES;
				CLANG_WARN_INT_CONVERSION = YES;
				CLANG_WARN_NON_LITERAL_NULL_CONVERSION = YES;
				CLANG_WARN_OBJC_IMPLICIT_RETAIN_SELF = YES;
				CLANG_WARN_OBJC_LITERAL_CONVERSION = YES;
				CLANG_WARN_OBJC_ROOT_CLASS = YES_ERROR;
				CLANG_WARN_QUOTED_INCLUDE_IN_FRAMEWORK_HEADER = YES;
				CLANG_WARN_RANGE_LOOP_ANALYSIS = YES;
				CLANG_WARN_STRICT_PROTOTYPES = YES;
				CLANG_WARN_SUSPICIOUS_MOVE = YES;
				CLANG_WARN_UNGUARDED_AVAILABILITY = YES_AGGRESSIVE;
				CLANG_WARN_UNREACHABLE_CODE = YES;
				CLANG_WARN__DUPLICATE_METHOD_MATCH = YES;
				COPY_PHASE_STRIP = NO;
				DEBUG_INFORMATION_FORMAT = dwarf;
				ENABLE_HARDENED_RUNTIME = YES;
				ENABLE_STRICT_OBJC_MSGSEND = YES;
				ENABLE_TESTABILITY = YES;
				ENABLE_USER_SCRIPT_SANDBOXING = YES;
				GCC_C_LANGUAGE_STANDARD = gnu17;
				GCC_DYNAMIC_NO_PIC = NO;
				GCC_NO_COMMON_BLOCKS = YES;
				GCC_OPTIMIZATION_LEVEL = 0;
				GCC_PREPROCESSOR_DEFINITIONS = (
					"DEBUG=1",
					"$(inherited)",
				);
				GCC_WARN_64_TO_32_BIT_CONVERSION = YES;
				GCC_WARN_ABOUT_RETURN_TYPE = YES_ERROR;
				GCC_WARN_UNDECLARED_SELECTOR = YES;
				GCC_WARN_UNINITIALIZED_AUTOS = YES_AGGRESSIVE;
				GCC_WARN_UNUSED_FUNCTION = YES;
				GCC_WARN_UNUSED_VARIABLE = YES;
				LOCALIZATION_PREFERS_STRING_CATALOGS = YES;
				MTL_ENABLE_DEBUG_INFO = INCLUDE_SOURCE;
				MTL_FAST_MATH = YES;
				ONLY_ACTIVE_ARCH = YES;
				SWIFT_ACTIVE_COMPILATION_CONDITIONS = "DEBUG $(inherited)";
				SWIFT_OPTIMIZATION_LEVEL = "-Onone";
			};
			name = Debug;
		};
		CDB4B1FC2AFF80D7006E6597 /* Release */ = {
			isa = XCBuildConfiguration;
			buildSettings = {
				ALWAYS_SEARCH_USER_PATHS = NO;
				ASSETCATALOG_COMPILER_GENERATE_SWIFT_ASSET_SYMBOL_EXTENSIONS = YES;
				CLANG_ANALYZER_NONNULL = YES;
				CLANG_ANALYZER_NUMBER_OBJECT_CONVERSION = YES_AGGRESSIVE;
				CLANG_CXX_LANGUAGE_STANDARD = "gnu++20";
				CLANG_ENABLE_MODULES = YES;
				CLANG_ENABLE_OBJC_ARC = YES;
				CLANG_ENABLE_OBJC_WEAK = YES;
				CLANG_WARN_BLOCK_CAPTURE_AUTORELEASING = YES;
				CLANG_WARN_BOOL_CONVERSION = YES;
				CLANG_WARN_COMMA = YES;
				CLANG_WARN_CONSTANT_CONVERSION = YES;
				CLANG_WARN_DEPRECATED_OBJC_IMPLEMENTATIONS = YES;
				CLANG_WARN_DIRECT_OBJC_ISA_USAGE = YES_ERROR;
				CLANG_WARN_DOCUMENTATION_COMMENTS = YES;
				CLANG_WARN_EMPTY_BODY = YES;
				CLANG_WARN_ENUM_CONVERSION = YES;
				CLANG_WARN_INFINITE_RECURSION = YES;
				CLANG_WARN_INT_CONVERSION = YES;
				CLANG_WARN_NON_LITERAL_NULL_CONVERSION = YES;
				CLANG_WARN_OBJC_IMPLICIT_RETAIN_SELF = YES;
				CLANG_WARN_OBJC_LITERAL_CONVERSION = YES;
				CLANG_WARN_OBJC_ROOT_CLASS = YES_ERROR;
				CLANG_WARN_QUOTED_INCLUDE_IN_FRAMEWORK_HEADER = YES;
				CLANG_WARN_RANGE_LOOP_ANALYSIS = YES;
				CLANG_WARN_STRICT_PROTOTYPES = YES;
				CLANG_WARN_SUSPICIOUS_MOVE = YES;
				CLANG_WARN_UNGUARDED_AVAILABILITY = YES_AGGRESSIVE;
				CLANG_WARN_UNREACHABLE_CODE = YES;
				CLANG_WARN__DUPLICATE_METHOD_MATCH = YES;
				COPY_PHASE_STRIP = NO;
				DEBUG_INFORMATION_FORMAT = "dwarf-with-dsym";
				ENABLE_HARDENED_RUNTIME = YES;
				ENABLE_NS_ASSERTIONS = NO;
				ENABLE_STRICT_OBJC_MSGSEND = YES;
				ENABLE_USER_SCRIPT_SANDBOXING = YES;
				GCC_C_LANGUAGE_STANDARD = gnu17;
				GCC_NO_COMMON_BLOCKS = YES;
				GCC_WARN_64_TO_32_BIT_CONVERSION = YES;
				GCC_WARN_ABOUT_RETURN_TYPE = YES_ERROR;
				GCC_WARN_UNDECLARED_SELECTOR = YES;
				GCC_WARN_UNINITIALIZED_AUTOS = YES_AGGRESSIVE;
				GCC_WARN_UNUSED_FUNCTION = YES;
				GCC_WARN_UNUSED_VARIABLE = YES;
				LOCALIZATION_PREFERS_STRING_CATALOGS = YES;
				MTL_ENABLE_DEBUG_INFO = NO;
				MTL_FAST_MATH = YES;
				SWIFT_COMPILATION_MODE = wholemodule;
			};
			name = Release;
		};
		CDB4B1FE2AFF80D7006E6597 /* Debug */ = {
			isa = XCBuildConfiguration;
			buildSettings = {
				ASSETCATALOG_COMPILER_APPICON_NAME = AppIcon;
				ASSETCATALOG_COMPILER_GLOBAL_ACCENT_COLOR_NAME = AccentColor;
				CODE_SIGN_ENTITLEMENTS = CombustionIncAnalyser/CombustionIncAnalyser.entitlements;
				CODE_SIGN_STYLE = Automatic;
				CURRENT_PROJECT_VERSION = 1;
				DEVELOPMENT_ASSET_PATHS = "\"CombustionIncAnalyser/Preview Content\"";
				DEVELOPMENT_TEAM = KB4UVH66FP;
				ENABLE_PREVIEWS = YES;
				GENERATE_INFOPLIST_FILE = YES;
				INFOPLIST_FILE = CombustionIncAnalyser/Info.plist;
				INFOPLIST_KEY_CFBundleDisplayName = "Combustion Inc Analyser";
				INFOPLIST_KEY_LSApplicationCategoryType = "public.app-category.food-and-drink";
				"INFOPLIST_KEY_UIApplicationSceneManifest_Generation[sdk=iphoneos*]" = YES;
				"INFOPLIST_KEY_UIApplicationSceneManifest_Generation[sdk=iphonesimulator*]" = YES;
				"INFOPLIST_KEY_UIApplicationSupportsIndirectInputEvents[sdk=iphoneos*]" = YES;
				"INFOPLIST_KEY_UIApplicationSupportsIndirectInputEvents[sdk=iphonesimulator*]" = YES;
				"INFOPLIST_KEY_UILaunchScreen_Generation[sdk=iphoneos*]" = YES;
				"INFOPLIST_KEY_UILaunchScreen_Generation[sdk=iphonesimulator*]" = YES;
				"INFOPLIST_KEY_UIStatusBarStyle[sdk=iphoneos*]" = UIStatusBarStyleDefault;
				"INFOPLIST_KEY_UIStatusBarStyle[sdk=iphonesimulator*]" = UIStatusBarStyleDefault;
				INFOPLIST_KEY_UISupportedInterfaceOrientations = UIInterfaceOrientationPortrait;
				INFOPLIST_KEY_UISupportedInterfaceOrientations_iPad = "UIInterfaceOrientationLandscapeLeft UIInterfaceOrientationLandscapeRight UIInterfaceOrientationPortrait UIInterfaceOrientationPortraitUpsideDown";
				IPHONEOS_DEPLOYMENT_TARGET = 16.0;
				LD_RUNPATH_SEARCH_PATHS = "@executable_path/Frameworks";
				"LD_RUNPATH_SEARCH_PATHS[sdk=macosx*]" = "@executable_path/../Frameworks";
				MACOSX_DEPLOYMENT_TARGET = 13.0;
				MARKETING_VERSION = 1.0;
				OTHER_LDFLAGS = (
					"-Xlinker",
					"-no_warn_duplicate_libraries",
					"-ObjC",
				);
				PRODUCT_BUNDLE_IDENTIFIER = io.opensourcerer.CombustionIncAnalyser;
				PRODUCT_NAME = "$(TARGET_NAME)";
				SDKROOT = auto;
				SUPPORTED_PLATFORMS = "iphoneos iphonesimulator macosx";
				SUPPORTS_MACCATALYST = NO;
				SWIFT_EMIT_LOC_STRINGS = YES;
				SWIFT_VERSION = 5.0;
				TARGETED_DEVICE_FAMILY = "1,2";
			};
			name = Debug;
		};
		CDB4B1FF2AFF80D7006E6597 /* Release */ = {
			isa = XCBuildConfiguration;
			buildSettings = {
				ASSETCATALOG_COMPILER_APPICON_NAME = AppIcon;
				ASSETCATALOG_COMPILER_GLOBAL_ACCENT_COLOR_NAME = AccentColor;
				CODE_SIGN_ENTITLEMENTS = CombustionIncAnalyser/CombustionIncAnalyser.entitlements;
				CODE_SIGN_STYLE = Automatic;
				CURRENT_PROJECT_VERSION = 1;
				DEVELOPMENT_ASSET_PATHS = "\"CombustionIncAnalyser/Preview Content\"";
				DEVELOPMENT_TEAM = KB4UVH66FP;
				ENABLE_PREVIEWS = YES;
				GENERATE_INFOPLIST_FILE = YES;
				INFOPLIST_FILE = CombustionIncAnalyser/Info.plist;
				INFOPLIST_KEY_CFBundleDisplayName = "Combustion Inc Analyser";
				INFOPLIST_KEY_LSApplicationCategoryType = "public.app-category.food-and-drink";
				"INFOPLIST_KEY_UIApplicationSceneManifest_Generation[sdk=iphoneos*]" = YES;
				"INFOPLIST_KEY_UIApplicationSceneManifest_Generation[sdk=iphonesimulator*]" = YES;
				"INFOPLIST_KEY_UIApplicationSupportsIndirectInputEvents[sdk=iphoneos*]" = YES;
				"INFOPLIST_KEY_UIApplicationSupportsIndirectInputEvents[sdk=iphonesimulator*]" = YES;
				"INFOPLIST_KEY_UILaunchScreen_Generation[sdk=iphoneos*]" = YES;
				"INFOPLIST_KEY_UILaunchScreen_Generation[sdk=iphonesimulator*]" = YES;
				"INFOPLIST_KEY_UIStatusBarStyle[sdk=iphoneos*]" = UIStatusBarStyleDefault;
				"INFOPLIST_KEY_UIStatusBarStyle[sdk=iphonesimulator*]" = UIStatusBarStyleDefault;
				INFOPLIST_KEY_UISupportedInterfaceOrientations = UIInterfaceOrientationPortrait;
				INFOPLIST_KEY_UISupportedInterfaceOrientations_iPad = "UIInterfaceOrientationLandscapeLeft UIInterfaceOrientationLandscapeRight UIInterfaceOrientationPortrait UIInterfaceOrientationPortraitUpsideDown";
				IPHONEOS_DEPLOYMENT_TARGET = 16.0;
				LD_RUNPATH_SEARCH_PATHS = "@executable_path/Frameworks";
				"LD_RUNPATH_SEARCH_PATHS[sdk=macosx*]" = "@executable_path/../Frameworks";
				MACOSX_DEPLOYMENT_TARGET = 13.0;
				MARKETING_VERSION = 1.0;
				OTHER_LDFLAGS = "-ObjC";
				PRODUCT_BUNDLE_IDENTIFIER = io.opensourcerer.CombustionIncAnalyser;
				PRODUCT_NAME = "$(TARGET_NAME)";
				SDKROOT = auto;
				SUPPORTED_PLATFORMS = "iphoneos iphonesimulator macosx";
				SUPPORTS_MACCATALYST = NO;
				SWIFT_EMIT_LOC_STRINGS = YES;
				SWIFT_VERSION = 5.0;
				TARGETED_DEVICE_FAMILY = "1,2";
			};
			name = Release;
		};
		CDB4B2012AFF80D7006E6597 /* Debug */ = {
			isa = XCBuildConfiguration;
			buildSettings = {
				ALWAYS_EMBED_SWIFT_STANDARD_LIBRARIES = YES;
				BUNDLE_LOADER = "$(TEST_HOST)";
				CODE_SIGN_STYLE = Automatic;
				CURRENT_PROJECT_VERSION = 1;
				GENERATE_INFOPLIST_FILE = YES;
				IPHONEOS_DEPLOYMENT_TARGET = 17.0;
				MACOSX_DEPLOYMENT_TARGET = 13.6;
				MARKETING_VERSION = 1.0;
				PRODUCT_BUNDLE_IDENTIFIER = io.opensourcerer.CombustionIncAnalyserTests;
				PRODUCT_NAME = "$(TARGET_NAME)";
				SDKROOT = auto;
				SUPPORTED_PLATFORMS = "iphoneos iphonesimulator macosx";
				SWIFT_EMIT_LOC_STRINGS = NO;
				SWIFT_VERSION = 5.0;
				TARGETED_DEVICE_FAMILY = "1,2";
				TEST_HOST = "$(BUILT_PRODUCTS_DIR)/CombustionIncAnalyser.app/$(BUNDLE_EXECUTABLE_FOLDER_PATH)/CombustionIncAnalyser";
			};
			name = Debug;
		};
		CDB4B2022AFF80D7006E6597 /* Release */ = {
			isa = XCBuildConfiguration;
			buildSettings = {
				ALWAYS_EMBED_SWIFT_STANDARD_LIBRARIES = YES;
				BUNDLE_LOADER = "$(TEST_HOST)";
				CODE_SIGN_STYLE = Automatic;
				CURRENT_PROJECT_VERSION = 1;
				GENERATE_INFOPLIST_FILE = YES;
				IPHONEOS_DEPLOYMENT_TARGET = 17.0;
				MACOSX_DEPLOYMENT_TARGET = 13.6;
				MARKETING_VERSION = 1.0;
				PRODUCT_BUNDLE_IDENTIFIER = io.opensourcerer.CombustionIncAnalyserTests;
				PRODUCT_NAME = "$(TARGET_NAME)";
				SDKROOT = auto;
				SUPPORTED_PLATFORMS = "iphoneos iphonesimulator macosx";
				SWIFT_EMIT_LOC_STRINGS = NO;
				SWIFT_VERSION = 5.0;
				TARGETED_DEVICE_FAMILY = "1,2";
				TEST_HOST = "$(BUILT_PRODUCTS_DIR)/CombustionIncAnalyser.app/$(BUNDLE_EXECUTABLE_FOLDER_PATH)/CombustionIncAnalyser";
			};
			name = Release;
		};
		CDB4B2042AFF80D7006E6597 /* Debug */ = {
			isa = XCBuildConfiguration;
			buildSettings = {
				ALWAYS_EMBED_SWIFT_STANDARD_LIBRARIES = YES;
				CODE_SIGN_STYLE = Automatic;
				CURRENT_PROJECT_VERSION = 1;
				GENERATE_INFOPLIST_FILE = YES;
				IPHONEOS_DEPLOYMENT_TARGET = 17.0;
				MACOSX_DEPLOYMENT_TARGET = 13.6;
				MARKETING_VERSION = 1.0;
				PRODUCT_BUNDLE_IDENTIFIER = io.opensourcerer.CombustionIncAnalyserUITests;
				PRODUCT_NAME = "$(TARGET_NAME)";
				SDKROOT = auto;
				SUPPORTED_PLATFORMS = "iphoneos iphonesimulator macosx";
				SWIFT_EMIT_LOC_STRINGS = NO;
				SWIFT_VERSION = 5.0;
				TARGETED_DEVICE_FAMILY = "1,2";
				TEST_TARGET_NAME = CombustionIncAnalyser;
			};
			name = Debug;
		};
		CDB4B2052AFF80D7006E6597 /* Release */ = {
			isa = XCBuildConfiguration;
			buildSettings = {
				ALWAYS_EMBED_SWIFT_STANDARD_LIBRARIES = YES;
				CODE_SIGN_STYLE = Automatic;
				CURRENT_PROJECT_VERSION = 1;
				GENERATE_INFOPLIST_FILE = YES;
				IPHONEOS_DEPLOYMENT_TARGET = 17.0;
				MACOSX_DEPLOYMENT_TARGET = 13.6;
				MARKETING_VERSION = 1.0;
				PRODUCT_BUNDLE_IDENTIFIER = io.opensourcerer.CombustionIncAnalyserUITests;
				PRODUCT_NAME = "$(TARGET_NAME)";
				SDKROOT = auto;
				SUPPORTED_PLATFORMS = "iphoneos iphonesimulator macosx";
				SWIFT_EMIT_LOC_STRINGS = NO;
				SWIFT_VERSION = 5.0;
				TARGETED_DEVICE_FAMILY = "1,2";
				TEST_TARGET_NAME = CombustionIncAnalyser;
			};
			name = Release;
		};
/* End XCBuildConfiguration section */

/* Begin XCConfigurationList section */
		CDB4B1D12AFF80D5006E6597 /* Build configuration list for PBXProject "CombustionIncAnalyser" */ = {
			isa = XCConfigurationList;
			buildConfigurations = (
				CDB4B1FB2AFF80D7006E6597 /* Debug */,
				CDB4B1FC2AFF80D7006E6597 /* Release */,
			);
			defaultConfigurationIsVisible = 0;
			defaultConfigurationName = Release;
		};
		CDB4B1FD2AFF80D7006E6597 /* Build configuration list for PBXNativeTarget "CombustionIncAnalyser" */ = {
			isa = XCConfigurationList;
			buildConfigurations = (
				CDB4B1FE2AFF80D7006E6597 /* Debug */,
				CDB4B1FF2AFF80D7006E6597 /* Release */,
			);
			defaultConfigurationIsVisible = 0;
			defaultConfigurationName = Release;
		};
		CDB4B2002AFF80D7006E6597 /* Build configuration list for PBXNativeTarget "CombustionIncAnalyserTests" */ = {
			isa = XCConfigurationList;
			buildConfigurations = (
				CDB4B2012AFF80D7006E6597 /* Debug */,
				CDB4B2022AFF80D7006E6597 /* Release */,
			);
			defaultConfigurationIsVisible = 0;
			defaultConfigurationName = Release;
		};
		CDB4B2032AFF80D7006E6597 /* Build configuration list for PBXNativeTarget "CombustionIncAnalyserUITests" */ = {
			isa = XCConfigurationList;
			buildConfigurations = (
				CDB4B2042AFF80D7006E6597 /* Debug */,
				CDB4B2052AFF80D7006E6597 /* Release */,
			);
			defaultConfigurationIsVisible = 0;
			defaultConfigurationName = Release;
		};
/* End XCConfigurationList section */

/* Begin XCRemoteSwiftPackageReference section */
		CD8427332B188F5600DA293E /* XCRemoteSwiftPackageReference "firebase-ios-sdk" */ = {
			isa = XCRemoteSwiftPackageReference;
			repositoryURL = "https://github.com/firebase/firebase-ios-sdk";
			requirement = {
				kind = upToNextMajorVersion;
				minimumVersion = 10.18.0;
			};
		};
		CD8427442B19308200DA293E /* XCRemoteSwiftPackageReference "PopupView" */ = {
			isa = XCRemoteSwiftPackageReference;
			repositoryURL = "https://github.com/exyte/PopupView";
			requirement = {
				kind = upToNextMajorVersion;
				minimumVersion = 2.8.3;
			};
		};
		CD91B0042B29C97F000D6E19 /* XCRemoteSwiftPackageReference "Factory" */ = {
			isa = XCRemoteSwiftPackageReference;
			repositoryURL = "https://github.com/hmlongco/Factory";
			requirement = {
				kind = upToNextMajorVersion;
				minimumVersion = 2.3.1;
			};
		};
		CDB489202B84DB38003E1F38 /* XCRemoteSwiftPackageReference "combustion-ios-ble" */ = {
			isa = XCRemoteSwiftPackageReference;
			repositoryURL = "https://github.com/mschinis/combustion-ios-ble";
			requirement = {
				branch = "mschinis-patch-1";
				kind = branch;
			};
		};
/* End XCRemoteSwiftPackageReference section */

/* Begin XCSwiftPackageProductDependency section */
		CD8427342B188F5600DA293E /* FirebaseAuth */ = {
			isa = XCSwiftPackageProductDependency;
			package = CD8427332B188F5600DA293E /* XCRemoteSwiftPackageReference "firebase-ios-sdk" */;
			productName = FirebaseAuth;
		};
		CD8427362B188F5600DA293E /* FirebaseFirestoreSwift */ = {
			isa = XCSwiftPackageProductDependency;
			package = CD8427332B188F5600DA293E /* XCRemoteSwiftPackageReference "firebase-ios-sdk" */;
			productName = FirebaseFirestoreSwift;
		};
		CD8427382B188F5600DA293E /* FirebaseInstallations */ = {
			isa = XCSwiftPackageProductDependency;
			package = CD8427332B188F5600DA293E /* XCRemoteSwiftPackageReference "firebase-ios-sdk" */;
			productName = FirebaseInstallations;
		};
		CD84273A2B188F5600DA293E /* FirebaseStorage */ = {
			isa = XCSwiftPackageProductDependency;
			package = CD8427332B188F5600DA293E /* XCRemoteSwiftPackageReference "firebase-ios-sdk" */;
			productName = FirebaseStorage;
		};
		CD8427452B19308200DA293E /* PopupView */ = {
			isa = XCSwiftPackageProductDependency;
			package = CD8427442B19308200DA293E /* XCRemoteSwiftPackageReference "PopupView" */;
			productName = PopupView;
		};
		CD91B0052B29C97F000D6E19 /* Factory */ = {
			isa = XCSwiftPackageProductDependency;
			package = CD91B0042B29C97F000D6E19 /* XCRemoteSwiftPackageReference "Factory" */;
			productName = Factory;
		};
		CDB489212B84DB38003E1F38 /* CombustionBLE */ = {
			isa = XCSwiftPackageProductDependency;
			package = CDB489202B84DB38003E1F38 /* XCRemoteSwiftPackageReference "combustion-ios-ble" */;
			productName = CombustionBLE;
		};
/* End XCSwiftPackageProductDependency section */
	};
	rootObject = CDB4B1CE2AFF80D5006E6597 /* Project object */;
}
